{
  "name": "nodemail",
  "version": "1.0.0",
  "lockfileVersion": 2,
  "requires": true,
  "packages": {
    "": {
      "name": "nodemail",
      "version": "1.0.0",
      "license": "ISC",
      "dependencies": {
        "nodemailer": "^6.7.6"
      }
    },
    "node_modules/nodemailer": {
      "version": "6.7.6",
      "resolved": "https://registry.npmjs.org/nodemailer/-/nodemailer-6.7.6.tgz",
      "integrity": "sha512-/6KF/umU7r7X21Y648/yiRLrgkfz0dmpyuo4BfgYWIpnT/jCbkPTvegMfxCsDAu+O810p2L1BGXieMTPp3nJVA==",
      "engines": {
        "node": ">=6.0.0"
      }
    }
  },
  "dependencies": {
    "nodemailer": {
      "version": "6.7.6",
      "resolved": "https://registry.npmjs.org/nodemailer/-/nodemailer-6.7.6.tgz",
      "integrity": "sha512-/6KF/umU7r7X21Y648/yiRLrgkfz0dmpyuo4BfgYWIpnT/jCbkPTvegMfxCsDAu+O810p2L1BGXieMTPp3nJVA=="
    }
  }
}
